
Microsoft Visual Studio Solution File, Format Version 12.00
# Visual Studio Version 16
VisualStudioVersion = 16.0.29123.88
MinimumVisualStudioVersion = 10.0.40219.1
Project("{FAE04EC0-301F-11D3-BF4B-00C04F79EFBC}") = "lommeregner", "lommeregner\lommeregner.csproj", "{2BE98B5F-A4D5-4140-A15D-549BEDD4AB6A}"
EndProject
Global
	GlobalSection(SolutionConfigurationPlatforms) = preSolution
		Debug|Any CPU = Debug|Any CPU
		Release|Any CPU = Release|Any CPU
	EndGlobalSection
	GlobalSection(ProjectConfigurationPlatforms) = postSolution
		{2BE98B5F-A4D5-4140-A15D-549BEDD4AB6A}.Debug|Any CPU.ActiveCfg = Debug|Any CPU
		{2BE98B5F-A4D5-4140-A15D-549BEDD4AB6A}.Debug|Any CPU.Build.0 = Debug|Any CPU
		{2BE98B5F-A4D5-4140-A15D-549BEDD4AB6A}.Release|Any CPU.ActiveCfg = Release|Any CPU
		{2BE98B5F-A4D5-4140-A15D-549BEDD4AB6A}.Release|Any CPU.Build.0 = Release|Any CPU
	EndGlobalSection
	GlobalSection(SolutionProperties) = preSolution
		HideSolutionNode = FALSE
	EndGlobalSection
	GlobalSection(ExtensibilityGlobals) = postSolution
		SolutionGuid = {A188D4D2-019F-43D7-BCFC-D9B3AC0F0B27}
	EndGlobalSection
EndGlobal
