
Microsoft Visual Studio Solution File, Format Version 12.00
# Visual Studio Version 16
VisualStudioVersion = 16.0.29123.88
MinimumVisualStudioVersion = 10.0.40219.1
Project("{FAE04EC0-301F-11D3-BF4B-00C04F79EFBC}") = "Gange-tabel", "Gange-tabel\Gange-tabel.csproj", "{5E787357-FD5A-4C9A-930F-393681B28624}"
EndProject
Global
	GlobalSection(SolutionConfigurationPlatforms) = preSolution
		Debug|Any CPU = Debug|Any CPU
		Release|Any CPU = Release|Any CPU
	EndGlobalSection
	GlobalSection(ProjectConfigurationPlatforms) = postSolution
		{5E787357-FD5A-4C9A-930F-393681B28624}.Debug|Any CPU.ActiveCfg = Debug|Any CPU
		{5E787357-FD5A-4C9A-930F-393681B28624}.Debug|Any CPU.Build.0 = Debug|Any CPU
		{5E787357-FD5A-4C9A-930F-393681B28624}.Release|Any CPU.ActiveCfg = Release|Any CPU
		{5E787357-FD5A-4C9A-930F-393681B28624}.Release|Any CPU.Build.0 = Release|Any CPU
	EndGlobalSection
	GlobalSection(SolutionProperties) = preSolution
		HideSolutionNode = FALSE
	EndGlobalSection
	GlobalSection(ExtensibilityGlobals) = postSolution
		SolutionGuid = {D1AE3A37-14B3-49B8-90D7-57DB0F34B98B}
	EndGlobalSection
EndGlobal
