
Microsoft Visual Studio Solution File, Format Version 12.00
# Visual Studio Version 16
VisualStudioVersion = 16.0.29123.88
MinimumVisualStudioVersion = 10.0.40219.1
Project("{FAE04EC0-301F-11D3-BF4B-00C04F79EFBC}") = "HelloWorld", "HelloWorld\HelloWorld.csproj", "{A5BC675F-3461-478C-9B87-4B90E2262C1F}"
EndProject
Global
	GlobalSection(SolutionConfigurationPlatforms) = preSolution
		Debug|Any CPU = Debug|Any CPU
		Release|Any CPU = Release|Any CPU
	EndGlobalSection
	GlobalSection(ProjectConfigurationPlatforms) = postSolution
		{A5BC675F-3461-478C-9B87-4B90E2262C1F}.Debug|Any CPU.ActiveCfg = Debug|Any CPU
		{A5BC675F-3461-478C-9B87-4B90E2262C1F}.Debug|Any CPU.Build.0 = Debug|Any CPU
		{A5BC675F-3461-478C-9B87-4B90E2262C1F}.Release|Any CPU.ActiveCfg = Release|Any CPU
		{A5BC675F-3461-478C-9B87-4B90E2262C1F}.Release|Any CPU.Build.0 = Release|Any CPU
	EndGlobalSection
	GlobalSection(SolutionProperties) = preSolution
		HideSolutionNode = FALSE
	EndGlobalSection
	GlobalSection(ExtensibilityGlobals) = postSolution
		SolutionGuid = {DAAFFCEA-17CA-4E30-A259-F9FA23B04F4B}
	EndGlobalSection
EndGlobal
