
Microsoft Visual Studio Solution File, Format Version 12.00
# Visual Studio Version 16
VisualStudioVersion = 16.0.29123.88
MinimumVisualStudioVersion = 10.0.40219.1
Project("{FAE04EC0-301F-11D3-BF4B-00C04F79EFBC}") = "findIkkePar", "findIkkePar\findIkkePar.csproj", "{090D8821-F565-47D6-84AA-7937A102F967}"
EndProject
Global
	GlobalSection(SolutionConfigurationPlatforms) = preSolution
		Debug|Any CPU = Debug|Any CPU
		Release|Any CPU = Release|Any CPU
	EndGlobalSection
	GlobalSection(ProjectConfigurationPlatforms) = postSolution
		{090D8821-F565-47D6-84AA-7937A102F967}.Debug|Any CPU.ActiveCfg = Debug|Any CPU
		{090D8821-F565-47D6-84AA-7937A102F967}.Debug|Any CPU.Build.0 = Debug|Any CPU
		{090D8821-F565-47D6-84AA-7937A102F967}.Release|Any CPU.ActiveCfg = Release|Any CPU
		{090D8821-F565-47D6-84AA-7937A102F967}.Release|Any CPU.Build.0 = Release|Any CPU
	EndGlobalSection
	GlobalSection(SolutionProperties) = preSolution
		HideSolutionNode = FALSE
	EndGlobalSection
	GlobalSection(ExtensibilityGlobals) = postSolution
		SolutionGuid = {F7175210-1DA3-463E-8579-4E11B16F6A3A}
	EndGlobalSection
EndGlobal
