
Microsoft Visual Studio Solution File, Format Version 12.00
# Visual Studio Version 16
VisualStudioVersion = 16.0.29123.88
MinimumVisualStudioVersion = 10.0.40219.1
Project("{FAE04EC0-301F-11D3-BF4B-00C04F79EFBC}") = "findIkkeParV2", "findIkkeParV2\findIkkeParV2.csproj", "{970D5DE7-A25D-4FDA-8385-A004B295D635}"
EndProject
Global
	GlobalSection(SolutionConfigurationPlatforms) = preSolution
		Debug|Any CPU = Debug|Any CPU
		Release|Any CPU = Release|Any CPU
	EndGlobalSection
	GlobalSection(ProjectConfigurationPlatforms) = postSolution
		{970D5DE7-A25D-4FDA-8385-A004B295D635}.Debug|Any CPU.ActiveCfg = Debug|Any CPU
		{970D5DE7-A25D-4FDA-8385-A004B295D635}.Debug|Any CPU.Build.0 = Debug|Any CPU
		{970D5DE7-A25D-4FDA-8385-A004B295D635}.Release|Any CPU.ActiveCfg = Release|Any CPU
		{970D5DE7-A25D-4FDA-8385-A004B295D635}.Release|Any CPU.Build.0 = Release|Any CPU
	EndGlobalSection
	GlobalSection(SolutionProperties) = preSolution
		HideSolutionNode = FALSE
	EndGlobalSection
	GlobalSection(ExtensibilityGlobals) = postSolution
		SolutionGuid = {4147F619-5882-4430-AA94-42AD9D71BB8A}
	EndGlobalSection
EndGlobal
